
Microsoft Visual Studio Solution File, Format Version 12.00
# Visual Studio 15
VisualStudioVersion = 15.0.26430.6
MinimumVisualStudioVersion = 10.0.40219.1
Project("{D954291E-2A0B-460D-934E-DC6B0785DB48}") = "Peers", "Peers\Peers\Peers.shproj", "{336BC55E-1DD5-425D-B026-D5D1A5929A6F}"
EndProject
Project("{FAE04EC0-301F-11D3-BF4B-00C04F79EFBC}") = "Peers.Droid", "Peers\Peers.Droid\Peers.Droid.csproj", "{92B6AC39-396A-400E-BFAC-8D4A30850BA9}"
EndProject
Project("{FAE04EC0-301F-11D3-BF4B-00C04F79EFBC}") = "Peers.iOS", "Peers\Peers.iOS\Peers.iOS.csproj", "{6B21CCE5-BBB0-41E3-B099-75A96BE0F8BC}"
EndProject
Global
	GlobalSection(SharedMSBuildProjectFiles) = preSolution
		Peers\Peers\Spaces.projitems*{336bc55e-1dd5-425d-b026-d5d1a5929a6f}*SharedItemsImports = 13
		Peers\Peers\Spaces.projitems*{6b21cce5-bbb0-41e3-b099-75a96be0f8bc}*SharedItemsImports = 4
		Peers\Peers\Spaces.projitems*{92b6ac39-396a-400e-bfac-8d4a30850ba9}*SharedItemsImports = 4
	EndGlobalSection
	GlobalSection(SolutionConfigurationPlatforms) = preSolution
		Ad-Hoc|Any CPU = Ad-Hoc|Any CPU
		Ad-Hoc|ARM = Ad-Hoc|ARM
		Ad-Hoc|iPhone = Ad-Hoc|iPhone
		Ad-Hoc|iPhoneSimulator = Ad-Hoc|iPhoneSimulator
		Ad-Hoc|x64 = Ad-Hoc|x64
		Ad-Hoc|x86 = Ad-Hoc|x86
		AppStore|Any CPU = AppStore|Any CPU
		AppStore|ARM = AppStore|ARM
		AppStore|iPhone = AppStore|iPhone
		AppStore|iPhoneSimulator = AppStore|iPhoneSimulator
		AppStore|x64 = AppStore|x64
		AppStore|x86 = AppStore|x86
		Debug|Any CPU = Debug|Any CPU
		Debug|ARM = Debug|ARM
		Debug|iPhone = Debug|iPhone
		Debug|iPhoneSimulator = Debug|iPhoneSimulator
		Debug|x64 = Debug|x64
		Debug|x86 = Debug|x86
		Release|Any CPU = Release|Any CPU
		Release|ARM = Release|ARM
		Release|iPhone = Release|iPhone
		Release|iPhoneSimulator = Release|iPhoneSimulator
		Release|x64 = Release|x64
		Release|x86 = Release|x86
	EndGlobalSection
	GlobalSection(ProjectConfigurationPlatforms) = postSolution
		{92B6AC39-396A-400E-BFAC-8D4A30850BA9}.Ad-Hoc|Any CPU.ActiveCfg = Release|Any CPU
		{92B6AC39-396A-400E-BFAC-8D4A30850BA9}.Ad-Hoc|Any CPU.Build.0 = Release|Any CPU
		{92B6AC39-396A-400E-BFAC-8D4A30850BA9}.Ad-Hoc|Any CPU.Deploy.0 = Release|Any CPU
		{92B6AC39-396A-400E-BFAC-8D4A30850BA9}.Ad-Hoc|ARM.ActiveCfg = Release|Any CPU
		{92B6AC39-396A-400E-BFAC-8D4A30850BA9}.Ad-Hoc|ARM.Build.0 = Release|Any CPU
		{92B6AC39-396A-400E-BFAC-8D4A30850BA9}.Ad-Hoc|ARM.Deploy.0 = Release|Any CPU
		{92B6AC39-396A-400E-BFAC-8D4A30850BA9}.Ad-Hoc|iPhone.ActiveCfg = Release|Any CPU
		{92B6AC39-396A-400E-BFAC-8D4A30850BA9}.Ad-Hoc|iPhone.Build.0 = Release|Any CPU
		{92B6AC39-396A-400E-BFAC-8D4A30850BA9}.Ad-Hoc|iPhone.Deploy.0 = Release|Any CPU
		{92B6AC39-396A-400E-BFAC-8D4A30850BA9}.Ad-Hoc|iPhoneSimulator.ActiveCfg = Release|Any CPU
		{92B6AC39-396A-400E-BFAC-8D4A30850BA9}.Ad-Hoc|iPhoneSimulator.Build.0 = Release|Any CPU
		{92B6AC39-396A-400E-BFAC-8D4A30850BA9}.Ad-Hoc|iPhoneSimulator.Deploy.0 = Release|Any CPU
		{92B6AC39-396A-400E-BFAC-8D4A30850BA9}.Ad-Hoc|x64.ActiveCfg = Release|Any CPU
		{92B6AC39-396A-400E-BFAC-8D4A30850BA9}.Ad-Hoc|x64.Build.0 = Release|Any CPU
		{92B6AC39-396A-400E-BFAC-8D4A30850BA9}.Ad-Hoc|x64.Deploy.0 = Release|Any CPU
		{92B6AC39-396A-400E-BFAC-8D4A30850BA9}.Ad-Hoc|x86.ActiveCfg = Release|Any CPU
		{92B6AC39-396A-400E-BFAC-8D4A30850BA9}.Ad-Hoc|x86.Build.0 = Release|Any CPU
		{92B6AC39-396A-400E-BFAC-8D4A30850BA9}.Ad-Hoc|x86.Deploy.0 = Release|Any CPU
		{92B6AC39-396A-400E-BFAC-8D4A30850BA9}.AppStore|Any CPU.ActiveCfg = Release|Any CPU
		{92B6AC39-396A-400E-BFAC-8D4A30850BA9}.AppStore|Any CPU.Build.0 = Release|Any CPU
		{92B6AC39-396A-400E-BFAC-8D4A30850BA9}.AppStore|Any CPU.Deploy.0 = Release|Any CPU
		{92B6AC39-396A-400E-BFAC-8D4A30850BA9}.AppStore|ARM.ActiveCfg = Release|Any CPU
		{92B6AC39-396A-400E-BFAC-8D4A30850BA9}.AppStore|ARM.Build.0 = Release|Any CPU
		{92B6AC39-396A-400E-BFAC-8D4A30850BA9}.AppStore|ARM.Deploy.0 = Release|Any CPU
		{92B6AC39-396A-400E-BFAC-8D4A30850BA9}.AppStore|iPhone.ActiveCfg = Release|Any CPU
		{92B6AC39-396A-400E-BFAC-8D4A30850BA9}.AppStore|iPhone.Build.0 = Release|Any CPU
		{92B6AC39-396A-400E-BFAC-8D4A30850BA9}.AppStore|iPhone.Deploy.0 = Release|Any CPU
		{92B6AC39-396A-400E-BFAC-8D4A30850BA9}.AppStore|iPhoneSimulator.ActiveCfg = Release|Any CPU
		{92B6AC39-396A-400E-BFAC-8D4A30850BA9}.AppStore|iPhoneSimulator.Build.0 = Release|Any CPU
		{92B6AC39-396A-400E-BFAC-8D4A30850BA9}.AppStore|iPhoneSimulator.Deploy.0 = Release|Any CPU
		{92B6AC39-396A-400E-BFAC-8D4A30850BA9}.AppStore|x64.ActiveCfg = Release|Any CPU
		{92B6AC39-396A-400E-BFAC-8D4A30850BA9}.AppStore|x64.Build.0 = Release|Any CPU
		{92B6AC39-396A-400E-BFAC-8D4A30850BA9}.AppStore|x64.Deploy.0 = Release|Any CPU
		{92B6AC39-396A-400E-BFAC-8D4A30850BA9}.AppStore|x86.ActiveCfg = Release|Any CPU
		{92B6AC39-396A-400E-BFAC-8D4A30850BA9}.AppStore|x86.Build.0 = Release|Any CPU
		{92B6AC39-396A-400E-BFAC-8D4A30850BA9}.AppStore|x86.Deploy.0 = Release|Any CPU
		{92B6AC39-396A-400E-BFAC-8D4A30850BA9}.Debug|Any CPU.ActiveCfg = Debug|Any CPU
		{92B6AC39-396A-400E-BFAC-8D4A30850BA9}.Debug|Any CPU.Build.0 = Debug|Any CPU
		{92B6AC39-396A-400E-BFAC-8D4A30850BA9}.Debug|Any CPU.Deploy.0 = Debug|Any CPU
		{92B6AC39-396A-400E-BFAC-8D4A30850BA9}.Debug|ARM.ActiveCfg = Debug|Any CPU
		{92B6AC39-396A-400E-BFAC-8D4A30850BA9}.Debug|ARM.Build.0 = Debug|Any CPU
		{92B6AC39-396A-400E-BFAC-8D4A30850BA9}.Debug|ARM.Deploy.0 = Debug|Any CPU
		{92B6AC39-396A-400E-BFAC-8D4A30850BA9}.Debug|iPhone.ActiveCfg = Debug|Any CPU
		{92B6AC39-396A-400E-BFAC-8D4A30850BA9}.Debug|iPhone.Build.0 = Debug|Any CPU
		{92B6AC39-396A-400E-BFAC-8D4A30850BA9}.Debug|iPhone.Deploy.0 = Debug|Any CPU
		{92B6AC39-396A-400E-BFAC-8D4A30850BA9}.Debug|iPhoneSimulator.ActiveCfg = Debug|Any CPU
		{92B6AC39-396A-400E-BFAC-8D4A30850BA9}.Debug|iPhoneSimulator.Build.0 = Debug|Any CPU
		{92B6AC39-396A-400E-BFAC-8D4A30850BA9}.Debug|iPhoneSimulator.Deploy.0 = Debug|Any CPU
		{92B6AC39-396A-400E-BFAC-8D4A30850BA9}.Debug|x64.ActiveCfg = Debug|Any CPU
		{92B6AC39-396A-400E-BFAC-8D4A30850BA9}.Debug|x64.Build.0 = Debug|Any CPU
		{92B6AC39-396A-400E-BFAC-8D4A30850BA9}.Debug|x64.Deploy.0 = Debug|Any CPU
		{92B6AC39-396A-400E-BFAC-8D4A30850BA9}.Debug|x86.ActiveCfg = Debug|Any CPU
		{92B6AC39-396A-400E-BFAC-8D4A30850BA9}.Debug|x86.Build.0 = Debug|Any CPU
		{92B6AC39-396A-400E-BFAC-8D4A30850BA9}.Debug|x86.Deploy.0 = Debug|Any CPU
		{92B6AC39-396A-400E-BFAC-8D4A30850BA9}.Release|Any CPU.ActiveCfg = Release|Any CPU
		{92B6AC39-396A-400E-BFAC-8D4A30850BA9}.Release|Any CPU.Build.0 = Release|Any CPU
		{92B6AC39-396A-400E-BFAC-8D4A30850BA9}.Release|Any CPU.Deploy.0 = Release|Any CPU
		{92B6AC39-396A-400E-BFAC-8D4A30850BA9}.Release|ARM.ActiveCfg = Release|Any CPU
		{92B6AC39-396A-400E-BFAC-8D4A30850BA9}.Release|ARM.Build.0 = Release|Any CPU
		{92B6AC39-396A-400E-BFAC-8D4A30850BA9}.Release|ARM.Deploy.0 = Release|Any CPU
		{92B6AC39-396A-400E-BFAC-8D4A30850BA9}.Release|iPhone.ActiveCfg = Release|Any CPU
		{92B6AC39-396A-400E-BFAC-8D4A30850BA9}.Release|iPhone.Build.0 = Release|Any CPU
		{92B6AC39-396A-400E-BFAC-8D4A30850BA9}.Release|iPhone.Deploy.0 = Release|Any CPU
		{92B6AC39-396A-400E-BFAC-8D4A30850BA9}.Release|iPhoneSimulator.ActiveCfg = Release|Any CPU
		{92B6AC39-396A-400E-BFAC-8D4A30850BA9}.Release|iPhoneSimulator.Build.0 = Release|Any CPU
		{92B6AC39-396A-400E-BFAC-8D4A30850BA9}.Release|iPhoneSimulator.Deploy.0 = Release|Any CPU
		{92B6AC39-396A-400E-BFAC-8D4A30850BA9}.Release|x64.ActiveCfg = Release|Any CPU
		{92B6AC39-396A-400E-BFAC-8D4A30850BA9}.Release|x64.Build.0 = Release|Any CPU
		{92B6AC39-396A-400E-BFAC-8D4A30850BA9}.Release|x64.Deploy.0 = Release|Any CPU
		{92B6AC39-396A-400E-BFAC-8D4A30850BA9}.Release|x86.ActiveCfg = Release|Any CPU
		{92B6AC39-396A-400E-BFAC-8D4A30850BA9}.Release|x86.Build.0 = Release|Any CPU
		{92B6AC39-396A-400E-BFAC-8D4A30850BA9}.Release|x86.Deploy.0 = Release|Any CPU
		{6B21CCE5-BBB0-41E3-B099-75A96BE0F8BC}.Ad-Hoc|Any CPU.ActiveCfg = Ad-Hoc|iPhone
		{6B21CCE5-BBB0-41E3-B099-75A96BE0F8BC}.Ad-Hoc|ARM.ActiveCfg = Ad-Hoc|iPhone
		{6B21CCE5-BBB0-41E3-B099-75A96BE0F8BC}.Ad-Hoc|iPhone.ActiveCfg = Ad-Hoc|iPhone
		{6B21CCE5-BBB0-41E3-B099-75A96BE0F8BC}.Ad-Hoc|iPhone.Build.0 = Ad-Hoc|iPhone
		{6B21CCE5-BBB0-41E3-B099-75A96BE0F8BC}.Ad-Hoc|iPhoneSimulator.ActiveCfg = Ad-Hoc|iPhoneSimulator
		{6B21CCE5-BBB0-41E3-B099-75A96BE0F8BC}.Ad-Hoc|iPhoneSimulator.Build.0 = Ad-Hoc|iPhoneSimulator
		{6B21CCE5-BBB0-41E3-B099-75A96BE0F8BC}.Ad-Hoc|x64.ActiveCfg = Ad-Hoc|iPhone
		{6B21CCE5-BBB0-41E3-B099-75A96BE0F8BC}.Ad-Hoc|x86.ActiveCfg = Ad-Hoc|iPhone
		{6B21CCE5-BBB0-41E3-B099-75A96BE0F8BC}.AppStore|Any CPU.ActiveCfg = AppStore|iPhone
		{6B21CCE5-BBB0-41E3-B099-75A96BE0F8BC}.AppStore|ARM.ActiveCfg = AppStore|iPhone
		{6B21CCE5-BBB0-41E3-B099-75A96BE0F8BC}.AppStore|iPhone.ActiveCfg = AppStore|iPhone
		{6B21CCE5-BBB0-41E3-B099-75A96BE0F8BC}.AppStore|iPhone.Build.0 = AppStore|iPhone
		{6B21CCE5-BBB0-41E3-B099-75A96BE0F8BC}.AppStore|iPhoneSimulator.ActiveCfg = AppStore|iPhoneSimulator
		{6B21CCE5-BBB0-41E3-B099-75A96BE0F8BC}.AppStore|iPhoneSimulator.Build.0 = AppStore|iPhoneSimulator
		{6B21CCE5-BBB0-41E3-B099-75A96BE0F8BC}.AppStore|x64.ActiveCfg = AppStore|iPhone
		{6B21CCE5-BBB0-41E3-B099-75A96BE0F8BC}.AppStore|x86.ActiveCfg = AppStore|iPhone
		{6B21CCE5-BBB0-41E3-B099-75A96BE0F8BC}.Debug|Any CPU.ActiveCfg = Debug|iPhone
		{6B21CCE5-BBB0-41E3-B099-75A96BE0F8BC}.Debug|ARM.ActiveCfg = Debug|iPhone
		{6B21CCE5-BBB0-41E3-B099-75A96BE0F8BC}.Debug|iPhone.ActiveCfg = Debug|iPhone
		{6B21CCE5-BBB0-41E3-B099-75A96BE0F8BC}.Debug|iPhone.Build.0 = Debug|iPhone
		{6B21CCE5-BBB0-41E3-B099-75A96BE0F8BC}.Debug|iPhoneSimulator.ActiveCfg = Debug|iPhoneSimulator
		{6B21CCE5-BBB0-41E3-B099-75A96BE0F8BC}.Debug|iPhoneSimulator.Build.0 = Debug|iPhoneSimulator
		{6B21CCE5-BBB0-41E3-B099-75A96BE0F8BC}.Debug|x64.ActiveCfg = Debug|iPhone
		{6B21CCE5-BBB0-41E3-B099-75A96BE0F8BC}.Debug|x86.ActiveCfg = Debug|iPhone
		{6B21CCE5-BBB0-41E3-B099-75A96BE0F8BC}.Release|Any CPU.ActiveCfg = Release|iPhone
		{6B21CCE5-BBB0-41E3-B099-75A96BE0F8BC}.Release|ARM.ActiveCfg = Release|iPhone
		{6B21CCE5-BBB0-41E3-B099-75A96BE0F8BC}.Release|iPhone.ActiveCfg = Release|iPhone
		{6B21CCE5-BBB0-41E3-B099-75A96BE0F8BC}.Release|iPhone.Build.0 = Release|iPhone
		{6B21CCE5-BBB0-41E3-B099-75A96BE0F8BC}.Release|iPhoneSimulator.ActiveCfg = Release|iPhoneSimulator
		{6B21CCE5-BBB0-41E3-B099-75A96BE0F8BC}.Release|iPhoneSimulator.Build.0 = Release|iPhoneSimulator
		{6B21CCE5-BBB0-41E3-B099-75A96BE0F8BC}.Release|x64.ActiveCfg = Release|iPhone
		{6B21CCE5-BBB0-41E3-B099-75A96BE0F8BC}.Release|x86.ActiveCfg = Release|iPhone
	EndGlobalSection
	GlobalSection(SolutionProperties) = preSolution
		HideSolutionNode = FALSE
	EndGlobalSection
EndGlobal
